// !$*UTF8*$!
{
	archiveVersion = 1;
	classes = {
	};
	objectVersion = 46;
	objects = {

/* Begin PBXBuildFile section */
		00E356F31AD99517003FC87E /* TaxiconnectTests.m in Sources */ = {isa = PBXBuildFile; fileRef = 00E356F21AD99517003FC87E /* TaxiconnectTests.m */; };
		13B07FBC1A68108700A75B9A /* AppDelegate.m in Sources */ = {isa = PBXBuildFile; fileRef = 13B07FB01A68108700A75B9A /* AppDelegate.m */; };
		13B07FBF1A68108700A75B9A /* Images.xcassets in Resources */ = {isa = PBXBuildFile; fileRef = 13B07FB51A68108700A75B9A /* Images.xcassets */; };
		13B07FC11A68108700A75B9A /* main.m in Sources */ = {isa = PBXBuildFile; fileRef = 13B07FB71A68108700A75B9A /* main.m */; };
		2D02E4BC1E0B4A80006451C7 /* AppDelegate.m in Sources */ = {isa = PBXBuildFile; fileRef = 13B07FB01A68108700A75B9A /* AppDelegate.m */; };
		2D02E4BD1E0B4A84006451C7 /* Images.xcassets in Resources */ = {isa = PBXBuildFile; fileRef = 13B07FB51A68108700A75B9A /* Images.xcassets */; };
		2D02E4BF1E0B4AB3006451C7 /* main.m in Sources */ = {isa = PBXBuildFile; fileRef = 13B07FB71A68108700A75B9A /* main.m */; };
		2DCD954D1E0B4F2C00145EB5 /* TaxiconnectTests.m in Sources */ = {isa = PBXBuildFile; fileRef = 00E356F21AD99517003FC87E /* TaxiconnectTests.m */; };
		716037F3E1EF00DFECE72582 /* libPods-Taxiconnect.a in Frameworks */ = {isa = PBXBuildFile; fileRef = C3A58E323AF3D6F539279C34 /* libPods-Taxiconnect.a */; };
		79B416F7227B2940CEA21CE2 /* libPods-Taxiconnect-tvOSTests.a in Frameworks */ = {isa = PBXBuildFile; fileRef = 2235E80ED669E65E94DDE0C9 /* libPods-Taxiconnect-tvOSTests.a */; };
		81AB9BB82411601600AC10FF /* LaunchScreen.storyboard in Resources */ = {isa = PBXBuildFile; fileRef = 81AB9BB72411601600AC10FF /* LaunchScreen.storyboard */; };
		B53CE28016BD68AAF6387B6E /* libPods-Taxiconnect-TaxiconnectTests.a in Frameworks */ = {isa = PBXBuildFile; fileRef = 0479D7D550621DECB4271C9D /* libPods-Taxiconnect-TaxiconnectTests.a */; };
		E510A40AD3EB050F1C8EE46A /* libPods-Taxiconnect-tvOS.a in Frameworks */ = {isa = PBXBuildFile; fileRef = 96A43294731881C53CE9D9BB /* libPods-Taxiconnect-tvOS.a */; };
		089DE791114349A292B7D6D7 /* ClanOT-Black.ttf in Resources */ = {isa = PBXBuildFile; fileRef = 17304A36B6AB4558AE698FD9 /* ClanOT-Black.ttf */; };
		4531C7D2172A40E39D39C177 /* ClanOT-Bold.ttf in Resources */ = {isa = PBXBuildFile; fileRef = B14859B8D66940DFA2370FDF /* ClanOT-Bold.ttf */; };
		85EC3ADBE7B145E18634D504 /* ClanOT-Book.ttf in Resources */ = {isa = PBXBuildFile; fileRef = AC8624EDAF8E487B9C3B28C3 /* ClanOT-Book.ttf */; };
		055CA2A4FD5E4CD5AAC390BA /* ClanOT-Medium.ttf in Resources */ = {isa = PBXBuildFile; fileRef = 5231D89AA038414AB33231DD /* ClanOT-Medium.ttf */; };
		C7F95CA4EA894559A2A33ACC /* ClanOT-NarrowBlack.ttf in Resources */ = {isa = PBXBuildFile; fileRef = 68A92C5347E1482CA4450F74 /* ClanOT-NarrowBlack.ttf */; };
		C733B74145C64C72851F3479 /* ClanOT-NarrowBook.ttf in Resources */ = {isa = PBXBuildFile; fileRef = 6559A9D3D94242AA8B07B817 /* ClanOT-NarrowBook.ttf */; };
		5A4265EFB24C44849D905737 /* ClanOT-NarrowMedium.ttf in Resources */ = {isa = PBXBuildFile; fileRef = 72912F77700745E58D0703A9 /* ClanOT-NarrowMedium.ttf */; };
		A427D1800C8B475FA0E32145 /* ClanOT-NarrowNews.ttf in Resources */ = {isa = PBXBuildFile; fileRef = 9F45E539C8D84A88B035D672 /* ClanOT-NarrowNews.ttf */; };
		3D5E709B5A2646A7A7BEEDD0 /* ClanOT-NarrowThin.ttf in Resources */ = {isa = PBXBuildFile; fileRef = 7C995AB1483C41F4990347A5 /* ClanOT-NarrowThin.ttf */; };
		4E80454A5BFA4A9FB6C7CEC5 /* ClanOT-NarrowUltra.ttf in Resources */ = {isa = PBXBuildFile; fileRef = DBABD0357EF6414CB29CF01B /* ClanOT-NarrowUltra.ttf */; };
		C44DB05A82A749B1BF56EEAA /* ClanOT-News.ttf in Resources */ = {isa = PBXBuildFile; fileRef = ED9944C209CF42E69C46FEA5 /* ClanOT-News.ttf */; };
		D2508625188A4D45AA391A9A /* ClanOT-Thin.ttf in Resources */ = {isa = PBXBuildFile; fileRef = 0ACB6B07C1764BF19F5CE24B /* ClanOT-Thin.ttf */; };
		261EB49F5F3F4AD4BC3B5B0C /* ClanOT-Ultra.ttf in Resources */ = {isa = PBXBuildFile; fileRef = CB2B6709B53A4805AF3BB571 /* ClanOT-Ultra.ttf */; };
		B44CB7A667B04C588C2DC09E /* AntDesign.ttf in Resources */ = {isa = PBXBuildFile; fileRef = 1837E0C5C0994541AF828A0C /* AntDesign.ttf */; };
		864D4FA307BA4B54B8C884AB /* Entypo.ttf in Resources */ = {isa = PBXBuildFile; fileRef = B6C714FE4D564EDDB3E129A0 /* Entypo.ttf */; };
		4EFA91F741204854B619FF8E /* EvilIcons.ttf in Resources */ = {isa = PBXBuildFile; fileRef = AB4B2516F29F4085BBAD7A2A /* EvilIcons.ttf */; };
		7B1608398DE8441DAA94FE93 /* Feather.ttf in Resources */ = {isa = PBXBuildFile; fileRef = DCF9FC9EF35B41FCBB35B6A6 /* Feather.ttf */; };
		AF354FC3F5C241D1B7AA5BE0 /* FontAwesome.ttf in Resources */ = {isa = PBXBuildFile; fileRef = 2C4E221B0FCF402A850F190E /* FontAwesome.ttf */; };
		4C04B31150984401993DBFC3 /* FontAwesome5_Brands.ttf in Resources */ = {isa = PBXBuildFile; fileRef = 3A47A916C1FA4491B52FC19F /* FontAwesome5_Brands.ttf */; };
		6E3BFA5BB01F4373A336B261 /* FontAwesome5_Regular.ttf in Resources */ = {isa = PBXBuildFile; fileRef = B77873F8573E464993B1DBA7 /* FontAwesome5_Regular.ttf */; };
		96D2AA8329A141229470CFEE /* FontAwesome5_Solid.ttf in Resources */ = {isa = PBXBuildFile; fileRef = 9902E9821531483D9DFE36A2 /* FontAwesome5_Solid.ttf */; };
		5BC07B284DEA4DE58CBC4945 /* Fontisto.ttf in Resources */ = {isa = PBXBuildFile; fileRef = 2137134679664ABABAB9DE36 /* Fontisto.ttf */; };
		38FBC982290E4EF0B1D68B2F /* Foundation.ttf in Resources */ = {isa = PBXBuildFile; fileRef = 98EF1BAAD5684E27B5C235FD /* Foundation.ttf */; };
		B5F20BD3468347E0AF43F185 /* Ionicons.ttf in Resources */ = {isa = PBXBuildFile; fileRef = D9CF65F80F1B4B40B98B7F16 /* Ionicons.ttf */; };
		A33969C5327F4DA7A78E7ED9 /* MaterialCommunityIcons.ttf in Resources */ = {isa = PBXBuildFile; fileRef = F5FC2FBED2F849EA922F104D /* MaterialCommunityIcons.ttf */; };
		5890E91B0E3B4DB09CDE5875 /* MaterialIcons.ttf in Resources */ = {isa = PBXBuildFile; fileRef = DE13D2F5EBB242CB8DB89BB0 /* MaterialIcons.ttf */; };
		63EFE3E887C047868F2E9BCD /* Octicons.ttf in Resources */ = {isa = PBXBuildFile; fileRef = 94032982280C4E0AA4B283E3 /* Octicons.ttf */; };
		321D5E92E1B64440B3567891 /* SimpleLineIcons.ttf in Resources */ = {isa = PBXBuildFile; fileRef = 333B690C95734AA2A68F9E7D /* SimpleLineIcons.ttf */; };
		A8EA340C34E04FC4ACE6E3A6 /* Zocial.ttf in Resources */ = {isa = PBXBuildFile; fileRef = 31E58BC417384CE88A253907 /* Zocial.ttf */; };
		92E80AA5D1A449F392A64201 /* Allrounder-Grotesk-Book.otf in Resources */ = {isa = PBXBuildFile; fileRef = 0158011351384556BD308F92 /* Allrounder-Grotesk-Book.otf */; };
		F6E455354FBE4B2DA34448D0 /* Allrounder-Grotesk-Medium.otf in Resources */ = {isa = PBXBuildFile; fileRef = B9547367D248435C90F3FE28 /* Allrounder-Grotesk-Medium.otf */; };
		A15D25E25D3B4F5595E2C36D /* Allrounder-Grotesk-Regular.otf in Resources */ = {isa = PBXBuildFile; fileRef = 5AB8969097D542C68540D186 /* Allrounder-Grotesk-Regular.otf */; };
		229198E094124310B5BB8C26 /* Allrounder-Monument-Book.otf in Resources */ = {isa = PBXBuildFile; fileRef = 53BE8C8AE2824349903DFFF2 /* Allrounder-Monument-Book.otf */; };
		5DC3949E64A64006876399C2 /* Allrounder-Monument-Medium.otf in Resources */ = {isa = PBXBuildFile; fileRef = 0E80EA864D9B4ABFA83771BC /* Allrounder-Monument-Medium.otf */; };
		855434E3258E47D2A7ABC791 /* Allrounder-Monument-Regular.otf in Resources */ = {isa = PBXBuildFile; fileRef = F73B1D41A575456FA47EA7F4 /* Allrounder-Monument-Regular.otf */; };
/* End PBXBuildFile section */

/* Begin PBXContainerItemProxy section */
		00E356F41AD99517003FC87E /* PBXContainerItemProxy */ = {
			isa = PBXContainerItemProxy;
			containerPortal = 83CBB9F71A601CBA00E9B192 /* Project object */;
			proxyType = 1;
			remoteGlobalIDString = 13B07F861A680F5B00A75B9A;
			remoteInfo = Taxiconnect;
		};
		2D02E4911E0B4A5D006451C7 /* PBXContainerItemProxy */ = {
			isa = PBXContainerItemProxy;
			containerPortal = 83CBB9F71A601CBA00E9B192 /* Project object */;
			proxyType = 1;
			remoteGlobalIDString = 2D02E47A1E0B4A5D006451C7;
			remoteInfo = "Taxiconnect-tvOS";
		};
/* End PBXContainerItemProxy section */

/* Begin PBXFileReference section */
		008F07F21AC5B25A0029DE68 /* main.jsbundle */ = {isa = PBXFileReference; fileEncoding = 4; lastKnownFileType = text; path = main.jsbundle; sourceTree = "<group>"; };
		00E356EE1AD99517003FC87E /* TaxiconnectTests.xctest */ = {isa = PBXFileReference; explicitFileType = wrapper.cfbundle; includeInIndex = 0; path = TaxiconnectTests.xctest; sourceTree = BUILT_PRODUCTS_DIR; };
		00E356F11AD99517003FC87E /* Info.plist */ = {isa = PBXFileReference; lastKnownFileType = text.plist.xml; path = Info.plist; sourceTree = "<group>"; };
		00E356F21AD99517003FC87E /* TaxiconnectTests.m */ = {isa = PBXFileReference; lastKnownFileType = sourcecode.c.objc; path = TaxiconnectTests.m; sourceTree = "<group>"; };
		0479D7D550621DECB4271C9D /* libPods-Taxiconnect-TaxiconnectTests.a */ = {isa = PBXFileReference; explicitFileType = archive.ar; includeInIndex = 0; path = "libPods-Taxiconnect-TaxiconnectTests.a"; sourceTree = BUILT_PRODUCTS_DIR; };
		13B07F961A680F5B00A75B9A /* Taxiconnect.app */ = {isa = PBXFileReference; explicitFileType = wrapper.application; includeInIndex = 0; path = Taxiconnect.app; sourceTree = BUILT_PRODUCTS_DIR; };
		13B07FAF1A68108700A75B9A /* AppDelegate.h */ = {isa = PBXFileReference; fileEncoding = 4; lastKnownFileType = sourcecode.c.h; name = AppDelegate.h; path = Taxiconnect/AppDelegate.h; sourceTree = "<group>"; };
		13B07FB01A68108700A75B9A /* AppDelegate.m */ = {isa = PBXFileReference; fileEncoding = 4; lastKnownFileType = sourcecode.c.objc; name = AppDelegate.m; path = Taxiconnect/AppDelegate.m; sourceTree = "<group>"; };
		13B07FB51A68108700A75B9A /* Images.xcassets */ = {isa = PBXFileReference; lastKnownFileType = folder.assetcatalog; name = Images.xcassets; path = Taxiconnect/Images.xcassets; sourceTree = "<group>"; };
		13B07FB61A68108700A75B9A /* Info.plist */ = {isa = PBXFileReference; fileEncoding = 4; lastKnownFileType = text.plist.xml; name = Info.plist; path = Taxiconnect/Info.plist; sourceTree = "<group>"; };
		13B07FB71A68108700A75B9A /* main.m */ = {isa = PBXFileReference; fileEncoding = 4; lastKnownFileType = sourcecode.c.objc; name = main.m; path = Taxiconnect/main.m; sourceTree = "<group>"; };
		1828907F8C29911C3360C4AE /* Pods-Taxiconnect-tvOSTests.release.xcconfig */ = {isa = PBXFileReference; includeInIndex = 1; lastKnownFileType = text.xcconfig; name = "Pods-Taxiconnect-tvOSTests.release.xcconfig"; path = "Target Support Files/Pods-Taxiconnect-tvOSTests/Pods-Taxiconnect-tvOSTests.release.xcconfig"; sourceTree = "<group>"; };
		2235E80ED669E65E94DDE0C9 /* libPods-Taxiconnect-tvOSTests.a */ = {isa = PBXFileReference; explicitFileType = archive.ar; includeInIndex = 0; path = "libPods-Taxiconnect-tvOSTests.a"; sourceTree = BUILT_PRODUCTS_DIR; };
		252AE588791A5E17832AD3E2 /* Pods-Taxiconnect-tvOS.debug.xcconfig */ = {isa = PBXFileReference; includeInIndex = 1; lastKnownFileType = text.xcconfig; name = "Pods-Taxiconnect-tvOS.debug.xcconfig"; path = "Target Support Files/Pods-Taxiconnect-tvOS/Pods-Taxiconnect-tvOS.debug.xcconfig"; sourceTree = "<group>"; };
		25F6B73F5ACC481CACE20C6A /* Pods-Taxiconnect.release.xcconfig */ = {isa = PBXFileReference; includeInIndex = 1; lastKnownFileType = text.xcconfig; name = "Pods-Taxiconnect.release.xcconfig"; path = "Target Support Files/Pods-Taxiconnect/Pods-Taxiconnect.release.xcconfig"; sourceTree = "<group>"; };
		2D02E47B1E0B4A5D006451C7 /* Taxiconnect-tvOS.app */ = {isa = PBXFileReference; explicitFileType = wrapper.application; includeInIndex = 0; path = "Taxiconnect-tvOS.app"; sourceTree = BUILT_PRODUCTS_DIR; };
		2D02E4901E0B4A5D006451C7 /* Taxiconnect-tvOSTests.xctest */ = {isa = PBXFileReference; explicitFileType = wrapper.cfbundle; includeInIndex = 0; path = "Taxiconnect-tvOSTests.xctest"; sourceTree = BUILT_PRODUCTS_DIR; };
		45F3AF8B3579FD61D1242871 /* Pods-Taxiconnect-TaxiconnectTests.release.xcconfig */ = {isa = PBXFileReference; includeInIndex = 1; lastKnownFileType = text.xcconfig; name = "Pods-Taxiconnect-TaxiconnectTests.release.xcconfig"; path = "Target Support Files/Pods-Taxiconnect-TaxiconnectTests/Pods-Taxiconnect-TaxiconnectTests.release.xcconfig"; sourceTree = "<group>"; };
		4A5BED13822B967E3DF13736 /* Pods-Taxiconnect-TaxiconnectTests.debug.xcconfig */ = {isa = PBXFileReference; includeInIndex = 1; lastKnownFileType = text.xcconfig; name = "Pods-Taxiconnect-TaxiconnectTests.debug.xcconfig"; path = "Target Support Files/Pods-Taxiconnect-TaxiconnectTests/Pods-Taxiconnect-TaxiconnectTests.debug.xcconfig"; sourceTree = "<group>"; };
		81AB9BB72411601600AC10FF /* LaunchScreen.storyboard */ = {isa = PBXFileReference; fileEncoding = 4; lastKnownFileType = file.storyboard; name = LaunchScreen.storyboard; path = Taxiconnect/LaunchScreen.storyboard; sourceTree = "<group>"; };
		8504AA0240ACDC2325F31265 /* Pods-Taxiconnect-tvOS.release.xcconfig */ = {isa = PBXFileReference; includeInIndex = 1; lastKnownFileType = text.xcconfig; name = "Pods-Taxiconnect-tvOS.release.xcconfig"; path = "Target Support Files/Pods-Taxiconnect-tvOS/Pods-Taxiconnect-tvOS.release.xcconfig"; sourceTree = "<group>"; };
		88C56B21E1A4C40D40569181 /* Pods-Taxiconnect.debug.xcconfig */ = {isa = PBXFileReference; includeInIndex = 1; lastKnownFileType = text.xcconfig; name = "Pods-Taxiconnect.debug.xcconfig"; path = "Target Support Files/Pods-Taxiconnect/Pods-Taxiconnect.debug.xcconfig"; sourceTree = "<group>"; };
		96A43294731881C53CE9D9BB /* libPods-Taxiconnect-tvOS.a */ = {isa = PBXFileReference; explicitFileType = archive.ar; includeInIndex = 0; path = "libPods-Taxiconnect-tvOS.a"; sourceTree = BUILT_PRODUCTS_DIR; };
		C3A58E323AF3D6F539279C34 /* libPods-Taxiconnect.a */ = {isa = PBXFileReference; explicitFileType = archive.ar; includeInIndex = 0; path = "libPods-Taxiconnect.a"; sourceTree = BUILT_PRODUCTS_DIR; };
		ED297162215061F000B7C4FE /* JavaScriptCore.framework */ = {isa = PBXFileReference; lastKnownFileType = wrapper.framework; name = JavaScriptCore.framework; path = System/Library/Frameworks/JavaScriptCore.framework; sourceTree = SDKROOT; };
		ED2971642150620600B7C4FE /* JavaScriptCore.framework */ = {isa = PBXFileReference; lastKnownFileType = wrapper.framework; name = JavaScriptCore.framework; path = Platforms/AppleTVOS.platform/Developer/SDKs/AppleTVOS12.0.sdk/System/Library/Frameworks/JavaScriptCore.framework; sourceTree = DEVELOPER_DIR; };
		FEE1DBABE4D0799A3AFC3D6F /* Pods-Taxiconnect-tvOSTests.debug.xcconfig */ = {isa = PBXFileReference; includeInIndex = 1; lastKnownFileType = text.xcconfig; name = "Pods-Taxiconnect-tvOSTests.debug.xcconfig"; path = "Target Support Files/Pods-Taxiconnect-tvOSTests/Pods-Taxiconnect-tvOSTests.debug.xcconfig"; sourceTree = "<group>"; };
		17304A36B6AB4558AE698FD9 /* ClanOT-Black.ttf */ = {isa = PBXFileReference; name = "ClanOT-Black.ttf"; path = "../Media_assets/fonts/ClanOT-Black.ttf"; sourceTree = "<group>"; fileEncoding = undefined; lastKnownFileType = unknown; explicitFileType = undefined; includeInIndex = 0; };
		B14859B8D66940DFA2370FDF /* ClanOT-Bold.ttf */ = {isa = PBXFileReference; name = "ClanOT-Bold.ttf"; path = "../Media_assets/fonts/ClanOT-Bold.ttf"; sourceTree = "<group>"; fileEncoding = undefined; lastKnownFileType = unknown; explicitFileType = undefined; includeInIndex = 0; };
		AC8624EDAF8E487B9C3B28C3 /* ClanOT-Book.ttf */ = {isa = PBXFileReference; name = "ClanOT-Book.ttf"; path = "../Media_assets/fonts/ClanOT-Book.ttf"; sourceTree = "<group>"; fileEncoding = undefined; lastKnownFileType = unknown; explicitFileType = undefined; includeInIndex = 0; };
		5231D89AA038414AB33231DD /* ClanOT-Medium.ttf */ = {isa = PBXFileReference; name = "ClanOT-Medium.ttf"; path = "../Media_assets/fonts/ClanOT-Medium.ttf"; sourceTree = "<group>"; fileEncoding = undefined; lastKnownFileType = unknown; explicitFileType = undefined; includeInIndex = 0; };
		68A92C5347E1482CA4450F74 /* ClanOT-NarrowBlack.ttf */ = {isa = PBXFileReference; name = "ClanOT-NarrowBlack.ttf"; path = "../Media_assets/fonts/ClanOT-NarrowBlack.ttf"; sourceTree = "<group>"; fileEncoding = undefined; lastKnownFileType = unknown; explicitFileType = undefined; includeInIndex = 0; };
		6559A9D3D94242AA8B07B817 /* ClanOT-NarrowBook.ttf */ = {isa = PBXFileReference; name = "ClanOT-NarrowBook.ttf"; path = "../Media_assets/fonts/ClanOT-NarrowBook.ttf"; sourceTree = "<group>"; fileEncoding = undefined; lastKnownFileType = unknown; explicitFileType = undefined; includeInIndex = 0; };
		72912F77700745E58D0703A9 /* ClanOT-NarrowMedium.ttf */ = {isa = PBXFileReference; name = "ClanOT-NarrowMedium.ttf"; path = "../Media_assets/fonts/ClanOT-NarrowMedium.ttf"; sourceTree = "<group>"; fileEncoding = undefined; lastKnownFileType = unknown; explicitFileType = undefined; includeInIndex = 0; };
		9F45E539C8D84A88B035D672 /* ClanOT-NarrowNews.ttf */ = {isa = PBXFileReference; name = "ClanOT-NarrowNews.ttf"; path = "../Media_assets/fonts/ClanOT-NarrowNews.ttf"; sourceTree = "<group>"; fileEncoding = undefined; lastKnownFileType = unknown; explicitFileType = undefined; includeInIndex = 0; };
		7C995AB1483C41F4990347A5 /* ClanOT-NarrowThin.ttf */ = {isa = PBXFileReference; name = "ClanOT-NarrowThin.ttf"; path = "../Media_assets/fonts/ClanOT-NarrowThin.ttf"; sourceTree = "<group>"; fileEncoding = undefined; lastKnownFileType = unknown; explicitFileType = undefined; includeInIndex = 0; };
		DBABD0357EF6414CB29CF01B /* ClanOT-NarrowUltra.ttf */ = {isa = PBXFileReference; name = "ClanOT-NarrowUltra.ttf"; path = "../Media_assets/fonts/ClanOT-NarrowUltra.ttf"; sourceTree = "<group>"; fileEncoding = undefined; lastKnownFileType = unknown; explicitFileType = undefined; includeInIndex = 0; };
		ED9944C209CF42E69C46FEA5 /* ClanOT-News.ttf */ = {isa = PBXFileReference; name = "ClanOT-News.ttf"; path = "../Media_assets/fonts/ClanOT-News.ttf"; sourceTree = "<group>"; fileEncoding = undefined; lastKnownFileType = unknown; explicitFileType = undefined; includeInIndex = 0; };
		0ACB6B07C1764BF19F5CE24B /* ClanOT-Thin.ttf */ = {isa = PBXFileReference; name = "ClanOT-Thin.ttf"; path = "../Media_assets/fonts/ClanOT-Thin.ttf"; sourceTree = "<group>"; fileEncoding = undefined; lastKnownFileType = unknown; explicitFileType = undefined; includeInIndex = 0; };
		CB2B6709B53A4805AF3BB571 /* ClanOT-Ultra.ttf */ = {isa = PBXFileReference; name = "ClanOT-Ultra.ttf"; path = "../Media_assets/fonts/ClanOT-Ultra.ttf"; sourceTree = "<group>"; fileEncoding = undefined; lastKnownFileType = unknown; explicitFileType = undefined; includeInIndex = 0; };
		1837E0C5C0994541AF828A0C /* AntDesign.ttf */ = {isa = PBXFileReference; name = "AntDesign.ttf"; path = "../node_modules/react-native-vector-icons/Fonts/AntDesign.ttf"; sourceTree = "<group>"; fileEncoding = undefined; lastKnownFileType = unknown; explicitFileType = undefined; includeInIndex = 0; };
		B6C714FE4D564EDDB3E129A0 /* Entypo.ttf */ = {isa = PBXFileReference; name = "Entypo.ttf"; path = "../node_modules/react-native-vector-icons/Fonts/Entypo.ttf"; sourceTree = "<group>"; fileEncoding = undefined; lastKnownFileType = unknown; explicitFileType = undefined; includeInIndex = 0; };
		AB4B2516F29F4085BBAD7A2A /* EvilIcons.ttf */ = {isa = PBXFileReference; name = "EvilIcons.ttf"; path = "../node_modules/react-native-vector-icons/Fonts/EvilIcons.ttf"; sourceTree = "<group>"; fileEncoding = undefined; lastKnownFileType = unknown; explicitFileType = undefined; includeInIndex = 0; };
		DCF9FC9EF35B41FCBB35B6A6 /* Feather.ttf */ = {isa = PBXFileReference; name = "Feather.ttf"; path = "../node_modules/react-native-vector-icons/Fonts/Feather.ttf"; sourceTree = "<group>"; fileEncoding = undefined; lastKnownFileType = unknown; explicitFileType = undefined; includeInIndex = 0; };
		2C4E221B0FCF402A850F190E /* FontAwesome.ttf */ = {isa = PBXFileReference; name = "FontAwesome.ttf"; path = "../node_modules/react-native-vector-icons/Fonts/FontAwesome.ttf"; sourceTree = "<group>"; fileEncoding = undefined; lastKnownFileType = unknown; explicitFileType = undefined; includeInIndex = 0; };
		3A47A916C1FA4491B52FC19F /* FontAwesome5_Brands.ttf */ = {isa = PBXFileReference; name = "FontAwesome5_Brands.ttf"; path = "../node_modules/react-native-vector-icons/Fonts/FontAwesome5_Brands.ttf"; sourceTree = "<group>"; fileEncoding = undefined; lastKnownFileType = unknown; explicitFileType = undefined; includeInIndex = 0; };
		B77873F8573E464993B1DBA7 /* FontAwesome5_Regular.ttf */ = {isa = PBXFileReference; name = "FontAwesome5_Regular.ttf"; path = "../node_modules/react-native-vector-icons/Fonts/FontAwesome5_Regular.ttf"; sourceTree = "<group>"; fileEncoding = undefined; lastKnownFileType = unknown; explicitFileType = undefined; includeInIndex = 0; };
		9902E9821531483D9DFE36A2 /* FontAwesome5_Solid.ttf */ = {isa = PBXFileReference; name = "FontAwesome5_Solid.ttf"; path = "../node_modules/react-native-vector-icons/Fonts/FontAwesome5_Solid.ttf"; sourceTree = "<group>"; fileEncoding = undefined; lastKnownFileType = unknown; explicitFileType = undefined; includeInIndex = 0; };
		2137134679664ABABAB9DE36 /* Fontisto.ttf */ = {isa = PBXFileReference; name = "Fontisto.ttf"; path = "../node_modules/react-native-vector-icons/Fonts/Fontisto.ttf"; sourceTree = "<group>"; fileEncoding = undefined; lastKnownFileType = unknown; explicitFileType = undefined; includeInIndex = 0; };
		98EF1BAAD5684E27B5C235FD /* Foundation.ttf */ = {isa = PBXFileReference; name = "Foundation.ttf"; path = "../node_modules/react-native-vector-icons/Fonts/Foundation.ttf"; sourceTree = "<group>"; fileEncoding = undefined; lastKnownFileType = unknown; explicitFileType = undefined; includeInIndex = 0; };
		D9CF65F80F1B4B40B98B7F16 /* Ionicons.ttf */ = {isa = PBXFileReference; name = "Ionicons.ttf"; path = "../node_modules/react-native-vector-icons/Fonts/Ionicons.ttf"; sourceTree = "<group>"; fileEncoding = undefined; lastKnownFileType = unknown; explicitFileType = undefined; includeInIndex = 0; };
		F5FC2FBED2F849EA922F104D /* MaterialCommunityIcons.ttf */ = {isa = PBXFileReference; name = "MaterialCommunityIcons.ttf"; path = "../node_modules/react-native-vector-icons/Fonts/MaterialCommunityIcons.ttf"; sourceTree = "<group>"; fileEncoding = undefined; lastKnownFileType = unknown; explicitFileType = undefined; includeInIndex = 0; };
		DE13D2F5EBB242CB8DB89BB0 /* MaterialIcons.ttf */ = {isa = PBXFileReference; name = "MaterialIcons.ttf"; path = "../node_modules/react-native-vector-icons/Fonts/MaterialIcons.ttf"; sourceTree = "<group>"; fileEncoding = undefined; lastKnownFileType = unknown; explicitFileType = undefined; includeInIndex = 0; };
		94032982280C4E0AA4B283E3 /* Octicons.ttf */ = {isa = PBXFileReference; name = "Octicons.ttf"; path = "../node_modules/react-native-vector-icons/Fonts/Octicons.ttf"; sourceTree = "<group>"; fileEncoding = undefined; lastKnownFileType = unknown; explicitFileType = undefined; includeInIndex = 0; };
		333B690C95734AA2A68F9E7D /* SimpleLineIcons.ttf */ = {isa = PBXFileReference; name = "SimpleLineIcons.ttf"; path = "../node_modules/react-native-vector-icons/Fonts/SimpleLineIcons.ttf"; sourceTree = "<group>"; fileEncoding = undefined; lastKnownFileType = unknown; explicitFileType = undefined; includeInIndex = 0; };
		31E58BC417384CE88A253907 /* Zocial.ttf */ = {isa = PBXFileReference; name = "Zocial.ttf"; path = "../node_modules/react-native-vector-icons/Fonts/Zocial.ttf"; sourceTree = "<group>"; fileEncoding = undefined; lastKnownFileType = unknown; explicitFileType = undefined; includeInIndex = 0; };
		0158011351384556BD308F92 /* Allrounder-Grotesk-Book.otf */ = {isa = PBXFileReference; name = "Allrounder-Grotesk-Book.otf"; path = "../Media_assets/fonts/Allrounder-Grotesk-Book.otf"; sourceTree = "<group>"; fileEncoding = undefined; lastKnownFileType = unknown; explicitFileType = undefined; includeInIndex = 0; };
		B9547367D248435C90F3FE28 /* Allrounder-Grotesk-Medium.otf */ = {isa = PBXFileReference; name = "Allrounder-Grotesk-Medium.otf"; path = "../Media_assets/fonts/Allrounder-Grotesk-Medium.otf"; sourceTree = "<group>"; fileEncoding = undefined; lastKnownFileType = unknown; explicitFileType = undefined; includeInIndex = 0; };
		5AB8969097D542C68540D186 /* Allrounder-Grotesk-Regular.otf */ = {isa = PBXFileReference; name = "Allrounder-Grotesk-Regular.otf"; path = "../Media_assets/fonts/Allrounder-Grotesk-Regular.otf"; sourceTree = "<group>"; fileEncoding = undefined; lastKnownFileType = unknown; explicitFileType = undefined; includeInIndex = 0; };
		53BE8C8AE2824349903DFFF2 /* Allrounder-Monument-Book.otf */ = {isa = PBXFileReference; name = "Allrounder-Monument-Book.otf"; path = "../Media_assets/fonts/Allrounder-Monument-Book.otf"; sourceTree = "<group>"; fileEncoding = undefined; lastKnownFileType = unknown; explicitFileType = undefined; includeInIndex = 0; };
		0E80EA864D9B4ABFA83771BC /* Allrounder-Monument-Medium.otf */ = {isa = PBXFileReference; name = "Allrounder-Monument-Medium.otf"; path = "../Media_assets/fonts/Allrounder-Monument-Medium.otf"; sourceTree = "<group>"; fileEncoding = undefined; lastKnownFileType = unknown; explicitFileType = undefined; includeInIndex = 0; };
		F73B1D41A575456FA47EA7F4 /* Allrounder-Monument-Regular.otf */ = {isa = PBXFileReference; name = "Allrounder-Monument-Regular.otf"; path = "../Media_assets/fonts/Allrounder-Monument-Regular.otf"; sourceTree = "<group>"; fileEncoding = undefined; lastKnownFileType = unknown; explicitFileType = undefined; includeInIndex = 0; };
/* End PBXFileReference section */

/* Begin PBXFrameworksBuildPhase section */
		00E356EB1AD99517003FC87E /* Frameworks */ = {
			isa = PBXFrameworksBuildPhase;
			buildActionMask = 2147483647;
			files = (
				B53CE28016BD68AAF6387B6E /* libPods-Taxiconnect-TaxiconnectTests.a in Frameworks */,
			);
			runOnlyForDeploymentPostprocessing = 0;
		};
		13B07F8C1A680F5B00A75B9A /* Frameworks */ = {
			isa = PBXFrameworksBuildPhase;
			buildActionMask = 2147483647;
			files = (
				716037F3E1EF00DFECE72582 /* libPods-Taxiconnect.a in Frameworks */,
			);
			runOnlyForDeploymentPostprocessing = 0;
		};
		2D02E4781E0B4A5D006451C7 /* Frameworks */ = {
			isa = PBXFrameworksBuildPhase;
			buildActionMask = 2147483647;
			files = (
				E510A40AD3EB050F1C8EE46A /* libPods-Taxiconnect-tvOS.a in Frameworks */,
			);
			runOnlyForDeploymentPostprocessing = 0;
		};
		2D02E48D1E0B4A5D006451C7 /* Frameworks */ = {
			isa = PBXFrameworksBuildPhase;
			buildActionMask = 2147483647;
			files = (
				79B416F7227B2940CEA21CE2 /* libPods-Taxiconnect-tvOSTests.a in Frameworks */,
			);
			runOnlyForDeploymentPostprocessing = 0;
		};
/* End PBXFrameworksBuildPhase section */

/* Begin PBXGroup section */
		00E356EF1AD99517003FC87E /* TaxiconnectTests */ = {
			isa = PBXGroup;
			children = (
				00E356F21AD99517003FC87E /* TaxiconnectTests.m */,
				00E356F01AD99517003FC87E /* Supporting Files */,
			);
			path = TaxiconnectTests;
			sourceTree = "<group>";
		};
		00E356F01AD99517003FC87E /* Supporting Files */ = {
			isa = PBXGroup;
			children = (
				00E356F11AD99517003FC87E /* Info.plist */,
			);
			name = "Supporting Files";
			sourceTree = "<group>";
		};
		13B07FAE1A68108700A75B9A /* Taxiconnect */ = {
			isa = PBXGroup;
			children = (
				008F07F21AC5B25A0029DE68 /* main.jsbundle */,
				13B07FAF1A68108700A75B9A /* AppDelegate.h */,
				13B07FB01A68108700A75B9A /* AppDelegate.m */,
				13B07FB51A68108700A75B9A /* Images.xcassets */,
				13B07FB61A68108700A75B9A /* Info.plist */,
				81AB9BB72411601600AC10FF /* LaunchScreen.storyboard */,
				13B07FB71A68108700A75B9A /* main.m */,
			);
			name = Taxiconnect;
			sourceTree = "<group>";
		};
		1698C1D83BFF074EE5C3F1B7 /* Pods */ = {
			isa = PBXGroup;
			children = (
				88C56B21E1A4C40D40569181 /* Pods-Taxiconnect.debug.xcconfig */,
				25F6B73F5ACC481CACE20C6A /* Pods-Taxiconnect.release.xcconfig */,
				4A5BED13822B967E3DF13736 /* Pods-Taxiconnect-TaxiconnectTests.debug.xcconfig */,
				45F3AF8B3579FD61D1242871 /* Pods-Taxiconnect-TaxiconnectTests.release.xcconfig */,
				252AE588791A5E17832AD3E2 /* Pods-Taxiconnect-tvOS.debug.xcconfig */,
				8504AA0240ACDC2325F31265 /* Pods-Taxiconnect-tvOS.release.xcconfig */,
				FEE1DBABE4D0799A3AFC3D6F /* Pods-Taxiconnect-tvOSTests.debug.xcconfig */,
				1828907F8C29911C3360C4AE /* Pods-Taxiconnect-tvOSTests.release.xcconfig */,
			);
			name = Pods;
			path = Pods;
			sourceTree = "<group>";
		};
		2D16E6871FA4F8E400B85C8A /* Frameworks */ = {
			isa = PBXGroup;
			children = (
				ED297162215061F000B7C4FE /* JavaScriptCore.framework */,
				ED2971642150620600B7C4FE /* JavaScriptCore.framework */,
				C3A58E323AF3D6F539279C34 /* libPods-Taxiconnect.a */,
				0479D7D550621DECB4271C9D /* libPods-Taxiconnect-TaxiconnectTests.a */,
				96A43294731881C53CE9D9BB /* libPods-Taxiconnect-tvOS.a */,
				2235E80ED669E65E94DDE0C9 /* libPods-Taxiconnect-tvOSTests.a */,
			);
			name = Frameworks;
			sourceTree = "<group>";
		};
		832341AE1AAA6A7D00B99B32 /* Libraries */ = {
			isa = PBXGroup;
			children = (
			);
			name = Libraries;
			sourceTree = "<group>";
		};
		83CBB9F61A601CBA00E9B192 = {
			isa = PBXGroup;
			children = (
				13B07FAE1A68108700A75B9A /* Taxiconnect */,
				832341AE1AAA6A7D00B99B32 /* Libraries */,
				00E356EF1AD99517003FC87E /* TaxiconnectTests */,
				83CBBA001A601CBA00E9B192 /* Products */,
				2D16E6871FA4F8E400B85C8A /* Frameworks */,
				1698C1D83BFF074EE5C3F1B7 /* Pods */,
				F66282E971BE4108AADAA471 /* Resources */,
			);
			indentWidth = 2;
			sourceTree = "<group>";
			tabWidth = 2;
			usesTabs = 0;
		};
		83CBBA001A601CBA00E9B192 /* Products */ = {
			isa = PBXGroup;
			children = (
				13B07F961A680F5B00A75B9A /* Taxiconnect.app */,
				00E356EE1AD99517003FC87E /* TaxiconnectTests.xctest */,
				2D02E47B1E0B4A5D006451C7 /* Taxiconnect-tvOS.app */,
				2D02E4901E0B4A5D006451C7 /* Taxiconnect-tvOSTests.xctest */,
			);
			name = Products;
			sourceTree = "<group>";
		};
		F66282E971BE4108AADAA471 /* Resources */ = {
			isa = "PBXGroup";
			children = (
				17304A36B6AB4558AE698FD9 /* ClanOT-Black.ttf */,
				B14859B8D66940DFA2370FDF /* ClanOT-Bold.ttf */,
				AC8624EDAF8E487B9C3B28C3 /* ClanOT-Book.ttf */,
				5231D89AA038414AB33231DD /* ClanOT-Medium.ttf */,
				68A92C5347E1482CA4450F74 /* ClanOT-NarrowBlack.ttf */,
				6559A9D3D94242AA8B07B817 /* ClanOT-NarrowBook.ttf */,
				72912F77700745E58D0703A9 /* ClanOT-NarrowMedium.ttf */,
				9F45E539C8D84A88B035D672 /* ClanOT-NarrowNews.ttf */,
				7C995AB1483C41F4990347A5 /* ClanOT-NarrowThin.ttf */,
				DBABD0357EF6414CB29CF01B /* ClanOT-NarrowUltra.ttf */,
				ED9944C209CF42E69C46FEA5 /* ClanOT-News.ttf */,
				0ACB6B07C1764BF19F5CE24B /* ClanOT-Thin.ttf */,
				CB2B6709B53A4805AF3BB571 /* ClanOT-Ultra.ttf */,
				1837E0C5C0994541AF828A0C /* AntDesign.ttf */,
				B6C714FE4D564EDDB3E129A0 /* Entypo.ttf */,
				AB4B2516F29F4085BBAD7A2A /* EvilIcons.ttf */,
				DCF9FC9EF35B41FCBB35B6A6 /* Feather.ttf */,
				2C4E221B0FCF402A850F190E /* FontAwesome.ttf */,
				3A47A916C1FA4491B52FC19F /* FontAwesome5_Brands.ttf */,
				B77873F8573E464993B1DBA7 /* FontAwesome5_Regular.ttf */,
				9902E9821531483D9DFE36A2 /* FontAwesome5_Solid.ttf */,
				2137134679664ABABAB9DE36 /* Fontisto.ttf */,
				98EF1BAAD5684E27B5C235FD /* Foundation.ttf */,
				D9CF65F80F1B4B40B98B7F16 /* Ionicons.ttf */,
				F5FC2FBED2F849EA922F104D /* MaterialCommunityIcons.ttf */,
				DE13D2F5EBB242CB8DB89BB0 /* MaterialIcons.ttf */,
				94032982280C4E0AA4B283E3 /* Octicons.ttf */,
				333B690C95734AA2A68F9E7D /* SimpleLineIcons.ttf */,
				31E58BC417384CE88A253907 /* Zocial.ttf */,
				0158011351384556BD308F92 /* Allrounder-Grotesk-Book.otf */,
				B9547367D248435C90F3FE28 /* Allrounder-Grotesk-Medium.otf */,
				5AB8969097D542C68540D186 /* Allrounder-Grotesk-Regular.otf */,
				53BE8C8AE2824349903DFFF2 /* Allrounder-Monument-Book.otf */,
				0E80EA864D9B4ABFA83771BC /* Allrounder-Monument-Medium.otf */,
				F73B1D41A575456FA47EA7F4 /* Allrounder-Monument-Regular.otf */,
			);
			name = Resources;
			sourceTree = "<group>";
			path = "";
		};
/* End PBXGroup section */

/* Begin PBXNativeTarget section */
		00E356ED1AD99517003FC87E /* TaxiconnectTests */ = {
			isa = PBXNativeTarget;
			buildConfigurationList = 00E357021AD99517003FC87E /* Build configuration list for PBXNativeTarget "TaxiconnectTests" */;
			buildPhases = (
				839FBCDB1B404714E9CBB913 /* [CP] Check Pods Manifest.lock */,
				00E356EA1AD99517003FC87E /* Sources */,
				00E356EB1AD99517003FC87E /* Frameworks */,
				00E356EC1AD99517003FC87E /* Resources */,
				EB4730F537F83218193EFEDE /* [CP] Copy Pods Resources */,
			);
			buildRules = (
			);
			dependencies = (
				00E356F51AD99517003FC87E /* PBXTargetDependency */,
			);
			name = TaxiconnectTests;
			productName = TaxiconnectTests;
			productReference = 00E356EE1AD99517003FC87E /* TaxiconnectTests.xctest */;
			productType = "com.apple.product-type.bundle.unit-test";
		};
		13B07F861A680F5B00A75B9A /* Taxiconnect */ = {
			isa = PBXNativeTarget;
			buildConfigurationList = 13B07F931A680F5B00A75B9A /* Build configuration list for PBXNativeTarget "Taxiconnect" */;
			buildPhases = (
				A2A17B121258CC54356AE947 /* [CP] Check Pods Manifest.lock */,
				FD10A7F022414F080027D42C /* Start Packager */,
				13B07F871A680F5B00A75B9A /* Sources */,
				13B07F8C1A680F5B00A75B9A /* Frameworks */,
				13B07F8E1A680F5B00A75B9A /* Resources */,
				00DD1BFF1BD5951E006B06BC /* Bundle React Native code and images */,
				BC76D5D0668F20FC0E172463 /* [CP] Copy Pods Resources */,
			);
			buildRules = (
			);
			dependencies = (
			);
			name = Taxiconnect;
			productName = Taxiconnect;
			productReference = 13B07F961A680F5B00A75B9A /* Taxiconnect.app */;
			productType = "com.apple.product-type.application";
		};
		2D02E47A1E0B4A5D006451C7 /* Taxiconnect-tvOS */ = {
			isa = PBXNativeTarget;
			buildConfigurationList = 2D02E4BA1E0B4A5E006451C7 /* Build configuration list for PBXNativeTarget "Taxiconnect-tvOS" */;
			buildPhases = (
				99E7E2AF346F5CD20EE6F645 /* [CP] Check Pods Manifest.lock */,
				FD10A7F122414F3F0027D42C /* Start Packager */,
				2D02E4771E0B4A5D006451C7 /* Sources */,
				2D02E4781E0B4A5D006451C7 /* Frameworks */,
				2D02E4791E0B4A5D006451C7 /* Resources */,
				2D02E4CB1E0B4B27006451C7 /* Bundle React Native Code And Images */,
			);
			buildRules = (
			);
			dependencies = (
			);
			name = "Taxiconnect-tvOS";
			productName = "Taxiconnect-tvOS";
			productReference = 2D02E47B1E0B4A5D006451C7 /* Taxiconnect-tvOS.app */;
			productType = "com.apple.product-type.application";
		};
		2D02E48F1E0B4A5D006451C7 /* Taxiconnect-tvOSTests */ = {
			isa = PBXNativeTarget;
			buildConfigurationList = 2D02E4BB1E0B4A5E006451C7 /* Build configuration list for PBXNativeTarget "Taxiconnect-tvOSTests" */;
			buildPhases = (
				F7E2B756FAA3F3A4C38E8B19 /* [CP] Check Pods Manifest.lock */,
				2D02E48C1E0B4A5D006451C7 /* Sources */,
				2D02E48D1E0B4A5D006451C7 /* Frameworks */,
				2D02E48E1E0B4A5D006451C7 /* Resources */,
			);
			buildRules = (
			);
			dependencies = (
				2D02E4921E0B4A5D006451C7 /* PBXTargetDependency */,
			);
			name = "Taxiconnect-tvOSTests";
			productName = "Taxiconnect-tvOSTests";
			productReference = 2D02E4901E0B4A5D006451C7 /* Taxiconnect-tvOSTests.xctest */;
			productType = "com.apple.product-type.bundle.unit-test";
		};
/* End PBXNativeTarget section */

/* Begin PBXProject section */
		83CBB9F71A601CBA00E9B192 /* Project object */ = {
			isa = PBXProject;
			attributes = {
				LastUpgradeCheck = 1130;
				TargetAttributes = {
					00E356ED1AD99517003FC87E = {
						CreatedOnToolsVersion = 6.2;
						TestTargetID = 13B07F861A680F5B00A75B9A;
					};
					13B07F861A680F5B00A75B9A = {
						LastSwiftMigration = 1120;
					};
					2D02E47A1E0B4A5D006451C7 = {
						CreatedOnToolsVersion = 8.2.1;
						ProvisioningStyle = Automatic;
					};
					2D02E48F1E0B4A5D006451C7 = {
						CreatedOnToolsVersion = 8.2.1;
						ProvisioningStyle = Automatic;
						TestTargetID = 2D02E47A1E0B4A5D006451C7;
					};
				};
			};
			buildConfigurationList = 83CBB9FA1A601CBA00E9B192 /* Build configuration list for PBXProject "Taxiconnect" */;
			compatibilityVersion = "Xcode 3.2";
			developmentRegion = en;
			hasScannedForEncodings = 0;
			knownRegions = (
				en,
				Base,
			);
			mainGroup = 83CBB9F61A601CBA00E9B192;
			productRefGroup = 83CBBA001A601CBA00E9B192 /* Products */;
			projectDirPath = "";
			projectRoot = "";
			targets = (
				13B07F861A680F5B00A75B9A /* Taxiconnect */,
				00E356ED1AD99517003FC87E /* TaxiconnectTests */,
				2D02E47A1E0B4A5D006451C7 /* Taxiconnect-tvOS */,
				2D02E48F1E0B4A5D006451C7 /* Taxiconnect-tvOSTests */,
			);
		};
/* End PBXProject section */

/* Begin PBXResourcesBuildPhase section */
		00E356EC1AD99517003FC87E /* Resources */ = {
			isa = PBXResourcesBuildPhase;
			buildActionMask = 2147483647;
			files = (
			);
			runOnlyForDeploymentPostprocessing = 0;
		};
		13B07F8E1A680F5B00A75B9A /* Resources */ = {
			isa = PBXResourcesBuildPhase;
			buildActionMask = 2147483647;
			files = (
				81AB9BB82411601600AC10FF /* LaunchScreen.storyboard in Resources */,
				13B07FBF1A68108700A75B9A /* Images.xcassets in Resources */,
				089DE791114349A292B7D6D7 /* ClanOT-Black.ttf in Resources */,
				4531C7D2172A40E39D39C177 /* ClanOT-Bold.ttf in Resources */,
				85EC3ADBE7B145E18634D504 /* ClanOT-Book.ttf in Resources */,
				055CA2A4FD5E4CD5AAC390BA /* ClanOT-Medium.ttf in Resources */,
				C7F95CA4EA894559A2A33ACC /* ClanOT-NarrowBlack.ttf in Resources */,
				C733B74145C64C72851F3479 /* ClanOT-NarrowBook.ttf in Resources */,
				5A4265EFB24C44849D905737 /* ClanOT-NarrowMedium.ttf in Resources */,
				A427D1800C8B475FA0E32145 /* ClanOT-NarrowNews.ttf in Resources */,
				3D5E709B5A2646A7A7BEEDD0 /* ClanOT-NarrowThin.ttf in Resources */,
				4E80454A5BFA4A9FB6C7CEC5 /* ClanOT-NarrowUltra.ttf in Resources */,
				C44DB05A82A749B1BF56EEAA /* ClanOT-News.ttf in Resources */,
				D2508625188A4D45AA391A9A /* ClanOT-Thin.ttf in Resources */,
				261EB49F5F3F4AD4BC3B5B0C /* ClanOT-Ultra.ttf in Resources */,
				B44CB7A667B04C588C2DC09E /* AntDesign.ttf in Resources */,
				864D4FA307BA4B54B8C884AB /* Entypo.ttf in Resources */,
				4EFA91F741204854B619FF8E /* EvilIcons.ttf in Resources */,
				7B1608398DE8441DAA94FE93 /* Feather.ttf in Resources */,
				AF354FC3F5C241D1B7AA5BE0 /* FontAwesome.ttf in Resources */,
				4C04B31150984401993DBFC3 /* FontAwesome5_Brands.ttf in Resources */,
				6E3BFA5BB01F4373A336B261 /* FontAwesome5_Regular.ttf in Resources */,
				96D2AA8329A141229470CFEE /* FontAwesome5_Solid.ttf in Resources */,
				5BC07B284DEA4DE58CBC4945 /* Fontisto.ttf in Resources */,
				38FBC982290E4EF0B1D68B2F /* Foundation.ttf in Resources */,
				B5F20BD3468347E0AF43F185 /* Ionicons.ttf in Resources */,
				A33969C5327F4DA7A78E7ED9 /* MaterialCommunityIcons.ttf in Resources */,
				5890E91B0E3B4DB09CDE5875 /* MaterialIcons.ttf in Resources */,
				63EFE3E887C047868F2E9BCD /* Octicons.ttf in Resources */,
				321D5E92E1B64440B3567891 /* SimpleLineIcons.ttf in Resources */,
				A8EA340C34E04FC4ACE6E3A6 /* Zocial.ttf in Resources */,
				92E80AA5D1A449F392A64201 /* Allrounder-Grotesk-Book.otf in Resources */,
				F6E455354FBE4B2DA34448D0 /* Allrounder-Grotesk-Medium.otf in Resources */,
				A15D25E25D3B4F5595E2C36D /* Allrounder-Grotesk-Regular.otf in Resources */,
				229198E094124310B5BB8C26 /* Allrounder-Monument-Book.otf in Resources */,
				5DC3949E64A64006876399C2 /* Allrounder-Monument-Medium.otf in Resources */,
				855434E3258E47D2A7ABC791 /* Allrounder-Monument-Regular.otf in Resources */,
			);
			runOnlyForDeploymentPostprocessing = 0;
		};
		2D02E4791E0B4A5D006451C7 /* Resources */ = {
			isa = PBXResourcesBuildPhase;
			buildActionMask = 2147483647;
			files = (
				2D02E4BD1E0B4A84006451C7 /* Images.xcassets in Resources */,
			);
			runOnlyForDeploymentPostprocessing = 0;
		};
		2D02E48E1E0B4A5D006451C7 /* Resources */ = {
			isa = PBXResourcesBuildPhase;
			buildActionMask = 2147483647;
			files = (
			);
			runOnlyForDeploymentPostprocessing = 0;
		};
/* End PBXResourcesBuildPhase section */

/* Begin PBXShellScriptBuildPhase section */
		00DD1BFF1BD5951E006B06BC /* Bundle React Native code and images */ = {
			isa = PBXShellScriptBuildPhase;
			buildActionMask = 2147483647;
			files = (
			);
			inputPaths = (
			);
			name = "Bundle React Native code and images";
			outputPaths = (
			);
			runOnlyForDeploymentPostprocessing = 0;
			shellPath = /bin/sh;
			shellScript = "export NODE_BINARY=node\n../node_modules/react-native/scripts/react-native-xcode.sh";
		};
		2D02E4CB1E0B4B27006451C7 /* Bundle React Native Code And Images */ = {
			isa = PBXShellScriptBuildPhase;
			buildActionMask = 2147483647;
			files = (
			);
			inputPaths = (
			);
			name = "Bundle React Native Code And Images";
			outputPaths = (
			);
			runOnlyForDeploymentPostprocessing = 0;
			shellPath = /bin/sh;
			shellScript = "export NODE_BINARY=node\n../node_modules/react-native/scripts/react-native-xcode.sh";
		};
		839FBCDB1B404714E9CBB913 /* [CP] Check Pods Manifest.lock */ = {
			isa = PBXShellScriptBuildPhase;
			buildActionMask = 2147483647;
			files = (
			);
			inputFileListPaths = (
			);
			inputPaths = (
				"${PODS_PODFILE_DIR_PATH}/Podfile.lock",
				"${PODS_ROOT}/Manifest.lock",
			);
			name = "[CP] Check Pods Manifest.lock";
			outputFileListPaths = (
			);
			outputPaths = (
				"$(DERIVED_FILE_DIR)/Pods-Taxiconnect-TaxiconnectTests-checkManifestLockResult.txt",
			);
			runOnlyForDeploymentPostprocessing = 0;
			shellPath = /bin/sh;
			shellScript = "diff \"${PODS_PODFILE_DIR_PATH}/Podfile.lock\" \"${PODS_ROOT}/Manifest.lock\" > /dev/null\nif [ $? != 0 ] ; then\n    # print error to STDERR\n    echo \"error: The sandbox is not in sync with the Podfile.lock. Run 'pod install' or update your CocoaPods installation.\" >&2\n    exit 1\nfi\n# This output is used by Xcode 'outputs' to avoid re-running this script phase.\necho \"SUCCESS\" > \"${SCRIPT_OUTPUT_FILE_0}\"\n";
			showEnvVarsInLog = 0;
		};
		99E7E2AF346F5CD20EE6F645 /* [CP] Check Pods Manifest.lock */ = {
			isa = PBXShellScriptBuildPhase;
			buildActionMask = 2147483647;
			files = (
			);
			inputFileListPaths = (
			);
			inputPaths = (
				"${PODS_PODFILE_DIR_PATH}/Podfile.lock",
				"${PODS_ROOT}/Manifest.lock",
			);
			name = "[CP] Check Pods Manifest.lock";
			outputFileListPaths = (
			);
			outputPaths = (
				"$(DERIVED_FILE_DIR)/Pods-Taxiconnect-tvOS-checkManifestLockResult.txt",
			);
			runOnlyForDeploymentPostprocessing = 0;
			shellPath = /bin/sh;
			shellScript = "diff \"${PODS_PODFILE_DIR_PATH}/Podfile.lock\" \"${PODS_ROOT}/Manifest.lock\" > /dev/null\nif [ $? != 0 ] ; then\n    # print error to STDERR\n    echo \"error: The sandbox is not in sync with the Podfile.lock. Run 'pod install' or update your CocoaPods installation.\" >&2\n    exit 1\nfi\n# This output is used by Xcode 'outputs' to avoid re-running this script phase.\necho \"SUCCESS\" > \"${SCRIPT_OUTPUT_FILE_0}\"\n";
			showEnvVarsInLog = 0;
		};
		A2A17B121258CC54356AE947 /* [CP] Check Pods Manifest.lock */ = {
			isa = PBXShellScriptBuildPhase;
			buildActionMask = 2147483647;
			files = (
			);
			inputFileListPaths = (
			);
			inputPaths = (
				"${PODS_PODFILE_DIR_PATH}/Podfile.lock",
				"${PODS_ROOT}/Manifest.lock",
			);
			name = "[CP] Check Pods Manifest.lock";
			outputFileListPaths = (
			);
			outputPaths = (
				"$(DERIVED_FILE_DIR)/Pods-Taxiconnect-checkManifestLockResult.txt",
			);
			runOnlyForDeploymentPostprocessing = 0;
			shellPath = /bin/sh;
			shellScript = "diff \"${PODS_PODFILE_DIR_PATH}/Podfile.lock\" \"${PODS_ROOT}/Manifest.lock\" > /dev/null\nif [ $? != 0 ] ; then\n    # print error to STDERR\n    echo \"error: The sandbox is not in sync with the Podfile.lock. Run 'pod install' or update your CocoaPods installation.\" >&2\n    exit 1\nfi\n# This output is used by Xcode 'outputs' to avoid re-running this script phase.\necho \"SUCCESS\" > \"${SCRIPT_OUTPUT_FILE_0}\"\n";
			showEnvVarsInLog = 0;
		};
		BC76D5D0668F20FC0E172463 /* [CP] Copy Pods Resources */ = {
			isa = PBXShellScriptBuildPhase;
			buildActionMask = 2147483647;
			files = (
			);
			inputPaths = (
				"${PODS_ROOT}/Target Support Files/Pods-Taxiconnect/Pods-Taxiconnect-resources.sh",
				"${PODS_CONFIGURATION_BUILD_DIR}/React-Core/AccessibilityResources.bundle",
			);
			name = "[CP] Copy Pods Resources";
			outputPaths = (
				"${TARGET_BUILD_DIR}/${UNLOCALIZED_RESOURCES_FOLDER_PATH}/AccessibilityResources.bundle",
			);
			runOnlyForDeploymentPostprocessing = 0;
			shellPath = /bin/sh;
			shellScript = "\"${PODS_ROOT}/Target Support Files/Pods-Taxiconnect/Pods-Taxiconnect-resources.sh\"\n";
			showEnvVarsInLog = 0;
		};
		EB4730F537F83218193EFEDE /* [CP] Copy Pods Resources */ = {
			isa = PBXShellScriptBuildPhase;
			buildActionMask = 2147483647;
			files = (
			);
			inputPaths = (
				"${PODS_ROOT}/Target Support Files/Pods-Taxiconnect-TaxiconnectTests/Pods-Taxiconnect-TaxiconnectTests-resources.sh",
				"${PODS_CONFIGURATION_BUILD_DIR}/React-Core/AccessibilityResources.bundle",
			);
			name = "[CP] Copy Pods Resources";
			outputPaths = (
				"${TARGET_BUILD_DIR}/${UNLOCALIZED_RESOURCES_FOLDER_PATH}/AccessibilityResources.bundle",
			);
			runOnlyForDeploymentPostprocessing = 0;
			shellPath = /bin/sh;
			shellScript = "\"${PODS_ROOT}/Target Support Files/Pods-Taxiconnect-TaxiconnectTests/Pods-Taxiconnect-TaxiconnectTests-resources.sh\"\n";
			showEnvVarsInLog = 0;
		};
		F7E2B756FAA3F3A4C38E8B19 /* [CP] Check Pods Manifest.lock */ = {
			isa = PBXShellScriptBuildPhase;
			buildActionMask = 2147483647;
			files = (
			);
			inputFileListPaths = (
			);
			inputPaths = (
				"${PODS_PODFILE_DIR_PATH}/Podfile.lock",
				"${PODS_ROOT}/Manifest.lock",
			);
			name = "[CP] Check Pods Manifest.lock";
			outputFileListPaths = (
			);
			outputPaths = (
				"$(DERIVED_FILE_DIR)/Pods-Taxiconnect-tvOSTests-checkManifestLockResult.txt",
			);
			runOnlyForDeploymentPostprocessing = 0;
			shellPath = /bin/sh;
			shellScript = "diff \"${PODS_PODFILE_DIR_PATH}/Podfile.lock\" \"${PODS_ROOT}/Manifest.lock\" > /dev/null\nif [ $? != 0 ] ; then\n    # print error to STDERR\n    echo \"error: The sandbox is not in sync with the Podfile.lock. Run 'pod install' or update your CocoaPods installation.\" >&2\n    exit 1\nfi\n# This output is used by Xcode 'outputs' to avoid re-running this script phase.\necho \"SUCCESS\" > \"${SCRIPT_OUTPUT_FILE_0}\"\n";
			showEnvVarsInLog = 0;
		};
		FD10A7F022414F080027D42C /* Start Packager */ = {
			isa = PBXShellScriptBuildPhase;
			buildActionMask = 2147483647;
			files = (
			);
			inputFileListPaths = (
			);
			inputPaths = (
			);
			name = "Start Packager";
			outputFileListPaths = (
			);
			outputPaths = (
			);
			runOnlyForDeploymentPostprocessing = 0;
			shellPath = /bin/sh;
			shellScript = "export RCT_METRO_PORT=\"${RCT_METRO_PORT:=8081}\"\necho \"export RCT_METRO_PORT=${RCT_METRO_PORT}\" > \"${SRCROOT}/../node_modules/react-native/scripts/.packager.env\"\nif [ -z \"${RCT_NO_LAUNCH_PACKAGER+xxx}\" ] ; then\n  if nc -w 5 -z localhost ${RCT_METRO_PORT} ; then\n    if ! curl -s \"http://localhost:${RCT_METRO_PORT}/status\" | grep -q \"packager-status:running\" ; then\n      echo \"Port ${RCT_METRO_PORT} already in use, packager is either not running or not running correctly\"\n      exit 2\n    fi\n  else\n    open \"$SRCROOT/../node_modules/react-native/scripts/launchPackager.command\" || echo \"Can't start packager automatically\"\n  fi\nfi\n";
			showEnvVarsInLog = 0;
		};
		FD10A7F122414F3F0027D42C /* Start Packager */ = {
			isa = PBXShellScriptBuildPhase;
			buildActionMask = 2147483647;
			files = (
			);
			inputFileListPaths = (
			);
			inputPaths = (
			);
			name = "Start Packager";
			outputFileListPaths = (
			);
			outputPaths = (
			);
			runOnlyForDeploymentPostprocessing = 0;
			shellPath = /bin/sh;
			shellScript = "export RCT_METRO_PORT=\"${RCT_METRO_PORT:=8081}\"\necho \"export RCT_METRO_PORT=${RCT_METRO_PORT}\" > \"${SRCROOT}/../node_modules/react-native/scripts/.packager.env\"\nif [ -z \"${RCT_NO_LAUNCH_PACKAGER+xxx}\" ] ; then\n  if nc -w 5 -z localhost ${RCT_METRO_PORT} ; then\n    if ! curl -s \"http://localhost:${RCT_METRO_PORT}/status\" | grep -q \"packager-status:running\" ; then\n      echo \"Port ${RCT_METRO_PORT} already in use, packager is either not running or not running correctly\"\n      exit 2\n    fi\n  else\n    open \"$SRCROOT/../node_modules/react-native/scripts/launchPackager.command\" || echo \"Can't start packager automatically\"\n  fi\nfi\n";
			showEnvVarsInLog = 0;
		};
/* End PBXShellScriptBuildPhase section */

/* Begin PBXSourcesBuildPhase section */
		00E356EA1AD99517003FC87E /* Sources */ = {
			isa = PBXSourcesBuildPhase;
			buildActionMask = 2147483647;
			files = (
				00E356F31AD99517003FC87E /* TaxiconnectTests.m in Sources */,
			);
			runOnlyForDeploymentPostprocessing = 0;
		};
		13B07F871A680F5B00A75B9A /* Sources */ = {
			isa = PBXSourcesBuildPhase;
			buildActionMask = 2147483647;
			files = (
				13B07FBC1A68108700A75B9A /* AppDelegate.m in Sources */,
				13B07FC11A68108700A75B9A /* main.m in Sources */,
			);
			runOnlyForDeploymentPostprocessing = 0;
		};
		2D02E4771E0B4A5D006451C7 /* Sources */ = {
			isa = PBXSourcesBuildPhase;
			buildActionMask = 2147483647;
			files = (
				2D02E4BF1E0B4AB3006451C7 /* main.m in Sources */,
				2D02E4BC1E0B4A80006451C7 /* AppDelegate.m in Sources */,
			);
			runOnlyForDeploymentPostprocessing = 0;
		};
		2D02E48C1E0B4A5D006451C7 /* Sources */ = {
			isa = PBXSourcesBuildPhase;
			buildActionMask = 2147483647;
			files = (
				2DCD954D1E0B4F2C00145EB5 /* TaxiconnectTests.m in Sources */,
			);
			runOnlyForDeploymentPostprocessing = 0;
		};
/* End PBXSourcesBuildPhase section */

/* Begin PBXTargetDependency section */
		00E356F51AD99517003FC87E /* PBXTargetDependency */ = {
			isa = PBXTargetDependency;
			target = 13B07F861A680F5B00A75B9A /* Taxiconnect */;
			targetProxy = 00E356F41AD99517003FC87E /* PBXContainerItemProxy */;
		};
		2D02E4921E0B4A5D006451C7 /* PBXTargetDependency */ = {
			isa = PBXTargetDependency;
			target = 2D02E47A1E0B4A5D006451C7 /* Taxiconnect-tvOS */;
			targetProxy = 2D02E4911E0B4A5D006451C7 /* PBXContainerItemProxy */;
		};
/* End PBXTargetDependency section */

/* Begin XCBuildConfiguration section */
		00E356F61AD99517003FC87E /* Debug */ = {
			isa = XCBuildConfiguration;
			baseConfigurationReference = 4A5BED13822B967E3DF13736 /* Pods-Taxiconnect-TaxiconnectTests.debug.xcconfig */;
			buildSettings = {
				BUNDLE_LOADER = "$(TEST_HOST)";
				GCC_PREPROCESSOR_DEFINITIONS = (
					"DEBUG=1",
					"$(inherited)",
				);
				INFOPLIST_FILE = TaxiconnectTests/Info.plist;
				IPHONEOS_DEPLOYMENT_TARGET = 10.0;
				LD_RUNPATH_SEARCH_PATHS = "$(inherited) @executable_path/Frameworks @loader_path/Frameworks";
				OTHER_LDFLAGS = (
					"-ObjC",
					"-lc++",
					"$(inherited)",
				);
				PRODUCT_BUNDLE_IDENTIFIER = "org.reactjs.native.example.$(PRODUCT_NAME:rfc1034identifier)";
				PRODUCT_NAME = "$(TARGET_NAME)";
				TEST_HOST = "$(BUILT_PRODUCTS_DIR)/Taxiconnect.app/Taxiconnect";
			};
			name = Debug;
		};
		00E356F71AD99517003FC87E /* Release */ = {
			isa = XCBuildConfiguration;
			baseConfigurationReference = 45F3AF8B3579FD61D1242871 /* Pods-Taxiconnect-TaxiconnectTests.release.xcconfig */;
			buildSettings = {
				BUNDLE_LOADER = "$(TEST_HOST)";
				COPY_PHASE_STRIP = NO;
				INFOPLIST_FILE = TaxiconnectTests/Info.plist;
				IPHONEOS_DEPLOYMENT_TARGET = 10.0;
				LD_RUNPATH_SEARCH_PATHS = "$(inherited) @executable_path/Frameworks @loader_path/Frameworks";
				OTHER_LDFLAGS = (
					"-ObjC",
					"-lc++",
					"$(inherited)",
				);
				PRODUCT_BUNDLE_IDENTIFIER = "org.reactjs.native.example.$(PRODUCT_NAME:rfc1034identifier)";
				PRODUCT_NAME = "$(TARGET_NAME)";
				TEST_HOST = "$(BUILT_PRODUCTS_DIR)/Taxiconnect.app/Taxiconnect";
			};
			name = Release;
		};
		13B07F941A680F5B00A75B9A /* Debug */ = {
			isa = XCBuildConfiguration;
			baseConfigurationReference = 88C56B21E1A4C40D40569181 /* Pods-Taxiconnect.debug.xcconfig */;
			buildSettings = {
				ASSETCATALOG_COMPILER_APPICON_NAME = AppIcon;
				CLANG_ENABLE_MODULES = YES;
				CURRENT_PROJECT_VERSION = 1;
				ENABLE_BITCODE = NO;
				INFOPLIST_FILE = Taxiconnect/Info.plist;
				LD_RUNPATH_SEARCH_PATHS = "$(inherited) @executable_path/Frameworks";
				OTHER_LDFLAGS = (
					"$(inherited)",
					"-ObjC",
					"-lc++",
				);
				PRODUCT_BUNDLE_IDENTIFIER = "org.reactjs.native.example.$(PRODUCT_NAME:rfc1034identifier)";
				PRODUCT_NAME = Taxiconnect;
				SWIFT_OPTIMIZATION_LEVEL = "-Onone";
				SWIFT_VERSION = 5.0;
				VERSIONING_SYSTEM = "apple-generic";
			};
			name = Debug;
		};
		13B07F951A680F5B00A75B9A /* Release */ = {
			isa = XCBuildConfiguration;
			baseConfigurationReference = 25F6B73F5ACC481CACE20C6A /* Pods-Taxiconnect.release.xcconfig */;
			buildSettings = {
				ASSETCATALOG_COMPILER_APPICON_NAME = AppIcon;
				CLANG_ENABLE_MODULES = YES;
				CURRENT_PROJECT_VERSION = 1;
				INFOPLIST_FILE = Taxiconnect/Info.plist;
				LD_RUNPATH_SEARCH_PATHS = "$(inherited) @executable_path/Frameworks";
				OTHER_LDFLAGS = (
					"$(inherited)",
					"-ObjC",
					"-lc++",
				);
				PRODUCT_BUNDLE_IDENTIFIER = "org.reactjs.native.example.$(PRODUCT_NAME:rfc1034identifier)";
				PRODUCT_NAME = Taxiconnect;
				SWIFT_VERSION = 5.0;
				VERSIONING_SYSTEM = "apple-generic";
			};
			name = Release;
		};
		2D02E4971E0B4A5E006451C7 /* Debug */ = {
			isa = XCBuildConfiguration;
			baseConfigurationReference = 252AE588791A5E17832AD3E2 /* Pods-Taxiconnect-tvOS.debug.xcconfig */;
			buildSettings = {
				ASSETCATALOG_COMPILER_APPICON_NAME = "App Icon & Top Shelf Image";
				ASSETCATALOG_COMPILER_LAUNCHIMAGE_NAME = LaunchImage;
				CLANG_ANALYZER_NONNULL = YES;
				CLANG_WARN_DOCUMENTATION_COMMENTS = YES;
				CLANG_WARN_INFINITE_RECURSION = YES;
				CLANG_WARN_SUSPICIOUS_MOVE = YES;
				DEBUG_INFORMATION_FORMAT = dwarf;
				ENABLE_TESTABILITY = YES;
				GCC_NO_COMMON_BLOCKS = YES;
				INFOPLIST_FILE = "Taxiconnect-tvOS/Info.plist";
				LD_RUNPATH_SEARCH_PATHS = "$(inherited) @executable_path/Frameworks";
				OTHER_LDFLAGS = (
					"$(inherited)",
					"-ObjC",
					"-lc++",
				);
				PRODUCT_BUNDLE_IDENTIFIER = "org.reactjs.native.example.Taxiconnect-tvOS";
				PRODUCT_NAME = "$(TARGET_NAME)";
				SDKROOT = appletvos;
				TARGETED_DEVICE_FAMILY = 3;
				TVOS_DEPLOYMENT_TARGET = 10.0;
			};
			name = Debug;
		};
		2D02E4981E0B4A5E006451C7 /* Release */ = {
			isa = XCBuildConfiguration;
			baseConfigurationReference = 8504AA0240ACDC2325F31265 /* Pods-Taxiconnect-tvOS.release.xcconfig */;
			buildSettings = {
				ASSETCATALOG_COMPILER_APPICON_NAME = "App Icon & Top Shelf Image";
				ASSETCATALOG_COMPILER_LAUNCHIMAGE_NAME = LaunchImage;
				CLANG_ANALYZER_NONNULL = YES;
				CLANG_WARN_DOCUMENTATION_COMMENTS = YES;
				CLANG_WARN_INFINITE_RECURSION = YES;
				CLANG_WARN_SUSPICIOUS_MOVE = YES;
				COPY_PHASE_STRIP = NO;
				DEBUG_INFORMATION_FORMAT = "dwarf-with-dsym";
				GCC_NO_COMMON_BLOCKS = YES;
				INFOPLIST_FILE = "Taxiconnect-tvOS/Info.plist";
				LD_RUNPATH_SEARCH_PATHS = "$(inherited) @executable_path/Frameworks";
				OTHER_LDFLAGS = (
					"$(inherited)",
					"-ObjC",
					"-lc++",
				);
				PRODUCT_BUNDLE_IDENTIFIER = "org.reactjs.native.example.Taxiconnect-tvOS";
				PRODUCT_NAME = "$(TARGET_NAME)";
				SDKROOT = appletvos;
				TARGETED_DEVICE_FAMILY = 3;
				TVOS_DEPLOYMENT_TARGET = 10.0;
			};
			name = Release;
		};
		2D02E4991E0B4A5E006451C7 /* Debug */ = {
			isa = XCBuildConfiguration;
			baseConfigurationReference = FEE1DBABE4D0799A3AFC3D6F /* Pods-Taxiconnect-tvOSTests.debug.xcconfig */;
			buildSettings = {
				BUNDLE_LOADER = "$(TEST_HOST)";
				CLANG_ANALYZER_NONNULL = YES;
				CLANG_WARN_DOCUMENTATION_COMMENTS = YES;
				CLANG_WARN_INFINITE_RECURSION = YES;
				CLANG_WARN_SUSPICIOUS_MOVE = YES;
				DEBUG_INFORMATION_FORMAT = dwarf;
				ENABLE_TESTABILITY = YES;
				GCC_NO_COMMON_BLOCKS = YES;
				INFOPLIST_FILE = "Taxiconnect-tvOSTests/Info.plist";
				LD_RUNPATH_SEARCH_PATHS = "$(inherited) @executable_path/Frameworks @loader_path/Frameworks";
				OTHER_LDFLAGS = (
					"$(inherited)",
					"-ObjC",
					"-lc++",
				);
				PRODUCT_BUNDLE_IDENTIFIER = "org.reactjs.native.example.Taxiconnect-tvOSTests";
				PRODUCT_NAME = "$(TARGET_NAME)";
				SDKROOT = appletvos;
				TEST_HOST = "$(BUILT_PRODUCTS_DIR)/Taxiconnect-tvOS.app/Taxiconnect-tvOS";
				TVOS_DEPLOYMENT_TARGET = 10.1;
			};
			name = Debug;
		};
		2D02E49A1E0B4A5E006451C7 /* Release */ = {
			isa = XCBuildConfiguration;
			baseConfigurationReference = 1828907F8C29911C3360C4AE /* Pods-Taxiconnect-tvOSTests.release.xcconfig */;
			buildSettings = {
				BUNDLE_LOADER = "$(TEST_HOST)";
				CLANG_ANALYZER_NONNULL = YES;
				CLANG_WARN_DOCUMENTATION_COMMENTS = YES;
				CLANG_WARN_INFINITE_RECURSION = YES;
				CLANG_WARN_SUSPICIOUS_MOVE = YES;
				COPY_PHASE_STRIP = NO;
				DEBUG_INFORMATION_FORMAT = "dwarf-with-dsym";
				GCC_NO_COMMON_BLOCKS = YES;
				INFOPLIST_FILE = "Taxiconnect-tvOSTests/Info.plist";
				LD_RUNPATH_SEARCH_PATHS = "$(inherited) @executable_path/Frameworks @loader_path/Frameworks";
				OTHER_LDFLAGS = (
					"$(inherited)",
					"-ObjC",
					"-lc++",
				);
				PRODUCT_BUNDLE_IDENTIFIER = "org.reactjs.native.example.Taxiconnect-tvOSTests";
				PRODUCT_NAME = "$(TARGET_NAME)";
				SDKROOT = appletvos;
				TEST_HOST = "$(BUILT_PRODUCTS_DIR)/Taxiconnect-tvOS.app/Taxiconnect-tvOS";
				TVOS_DEPLOYMENT_TARGET = 10.1;
			};
			name = Release;
		};
		83CBBA201A601CBA00E9B192 /* Debug */ = {
			isa = XCBuildConfiguration;
			buildSettings = {
				ALWAYS_SEARCH_USER_PATHS = NO;
				CLANG_ANALYZER_LOCALIZABILITY_NONLOCALIZED = YES;
				CLANG_CXX_LANGUAGE_STANDARD = "gnu++0x";
				CLANG_CXX_LIBRARY = "libc++";
				CLANG_ENABLE_MODULES = YES;
				CLANG_ENABLE_OBJC_ARC = YES;
				CLANG_WARN_BLOCK_CAPTURE_AUTORELEASING = YES;
				CLANG_WARN_BOOL_CONVERSION = YES;
				CLANG_WARN_COMMA = YES;
				CLANG_WARN_CONSTANT_CONVERSION = YES;
				CLANG_WARN_DEPRECATED_OBJC_IMPLEMENTATIONS = YES;
				CLANG_WARN_DIRECT_OBJC_ISA_USAGE = YES_ERROR;
				CLANG_WARN_EMPTY_BODY = YES;
				CLANG_WARN_ENUM_CONVERSION = YES;
				CLANG_WARN_INFINITE_RECURSION = YES;
				CLANG_WARN_INT_CONVERSION = YES;
				CLANG_WARN_NON_LITERAL_NULL_CONVERSION = YES;
				CLANG_WARN_OBJC_IMPLICIT_RETAIN_SELF = YES;
				CLANG_WARN_OBJC_LITERAL_CONVERSION = YES;
				CLANG_WARN_OBJC_ROOT_CLASS = YES_ERROR;
				CLANG_WARN_RANGE_LOOP_ANALYSIS = YES;
				CLANG_WARN_STRICT_PROTOTYPES = YES;
				CLANG_WARN_SUSPICIOUS_MOVE = YES;
				CLANG_WARN_UNREACHABLE_CODE = YES;
				CLANG_WARN__DUPLICATE_METHOD_MATCH = YES;
				"CODE_SIGN_IDENTITY[sdk=iphoneos*]" = "iPhone Developer";
				COPY_PHASE_STRIP = NO;
				ENABLE_STRICT_OBJC_MSGSEND = YES;
				ENABLE_TESTABILITY = YES;
				GCC_C_LANGUAGE_STANDARD = gnu99;
				GCC_DYNAMIC_NO_PIC = NO;
				GCC_NO_COMMON_BLOCKS = YES;
				GCC_OPTIMIZATION_LEVEL = 0;
				GCC_PREPROCESSOR_DEFINITIONS = (
					"DEBUG=1",
					"$(inherited)",
				);
				GCC_SYMBOLS_PRIVATE_EXTERN = NO;
				GCC_WARN_64_TO_32_BIT_CONVERSION = YES;
				GCC_WARN_ABOUT_RETURN_TYPE = YES_ERROR;
				GCC_WARN_UNDECLARED_SELECTOR = YES;
				GCC_WARN_UNINITIALIZED_AUTOS = YES_AGGRESSIVE;
				GCC_WARN_UNUSED_FUNCTION = YES;
				GCC_WARN_UNUSED_VARIABLE = YES;
				IPHONEOS_DEPLOYMENT_TARGET = 10.0;
				LD_RUNPATH_SEARCH_PATHS = "/usr/lib/swift $(inherited)";
				LIBRARY_SEARCH_PATHS = (
					"\"$(TOOLCHAIN_DIR)/usr/lib/swift/$(PLATFORM_NAME)\"",
					"\"$(TOOLCHAIN_DIR)/usr/lib/swift-5.0/$(PLATFORM_NAME)\"",
					"\"$(inherited)\"",
				);
				MTL_ENABLE_DEBUG_INFO = YES;
				ONLY_ACTIVE_ARCH = YES;
				SDKROOT = iphoneos;
			};
			name = Debug;
		};
		83CBBA211A601CBA00E9B192 /* Release */ = {
			isa = XCBuildConfiguration;
			buildSettings = {
				ALWAYS_SEARCH_USER_PATHS = NO;
				CLANG_ANALYZER_LOCALIZABILITY_NONLOCALIZED = YES;
				CLANG_CXX_LANGUAGE_STANDARD = "gnu++0x";
				CLANG_CXX_LIBRARY = "libc++";
				CLANG_ENABLE_MODULES = YES;
				CLANG_ENABLE_OBJC_ARC = YES;
				CLANG_WARN_BLOCK_CAPTURE_AUTORELEASING = YES;
				CLANG_WARN_BOOL_CONVERSION = YES;
				CLANG_WARN_COMMA = YES;
				CLANG_WARN_CONSTANT_CONVERSION = YES;
				CLANG_WARN_DEPRECATED_OBJC_IMPLEMENTATIONS = YES;
				CLANG_WARN_DIRECT_OBJC_ISA_USAGE = YES_ERROR;
				CLANG_WARN_EMPTY_BODY = YES;
				CLANG_WARN_ENUM_CONVERSION = YES;
				CLANG_WARN_INFINITE_RECURSION = YES;
				CLANG_WARN_INT_CONVERSION = YES;
				CLANG_WARN_NON_LITERAL_NULL_CONVERSION = YES;
				CLANG_WARN_OBJC_IMPLICIT_RETAIN_SELF = YES;
				CLANG_WARN_OBJC_LITERAL_CONVERSION = YES;
				CLANG_WARN_OBJC_ROOT_CLASS = YES_ERROR;
				CLANG_WARN_RANGE_LOOP_ANALYSIS = YES;
				CLANG_WARN_STRICT_PROTOTYPES = YES;
				CLANG_WARN_SUSPICIOUS_MOVE = YES;
				CLANG_WARN_UNREACHABLE_CODE = YES;
				CLANG_WARN__DUPLICATE_METHOD_MATCH = YES;
				"CODE_SIGN_IDENTITY[sdk=iphoneos*]" = "iPhone Developer";
				COPY_PHASE_STRIP = YES;
				ENABLE_NS_ASSERTIONS = NO;
				ENABLE_STRICT_OBJC_MSGSEND = YES;
				GCC_C_LANGUAGE_STANDARD = gnu99;
				GCC_NO_COMMON_BLOCKS = YES;
				GCC_WARN_64_TO_32_BIT_CONVERSION = YES;
				GCC_WARN_ABOUT_RETURN_TYPE = YES_ERROR;
				GCC_WARN_UNDECLARED_SELECTOR = YES;
				GCC_WARN_UNINITIALIZED_AUTOS = YES_AGGRESSIVE;
				GCC_WARN_UNUSED_FUNCTION = YES;
				GCC_WARN_UNUSED_VARIABLE = YES;
				IPHONEOS_DEPLOYMENT_TARGET = 10.0;
				LD_RUNPATH_SEARCH_PATHS = "/usr/lib/swift $(inherited)";
				LIBRARY_SEARCH_PATHS = (
					"\"$(TOOLCHAIN_DIR)/usr/lib/swift/$(PLATFORM_NAME)\"",
					"\"$(TOOLCHAIN_DIR)/usr/lib/swift-5.0/$(PLATFORM_NAME)\"",
					"\"$(inherited)\"",
				);
				MTL_ENABLE_DEBUG_INFO = NO;
				SDKROOT = iphoneos;
				VALIDATE_PRODUCT = YES;
			};
			name = Release;
		};
/* End XCBuildConfiguration section */

/* Begin XCConfigurationList section */
		00E357021AD99517003FC87E /* Build configuration list for PBXNativeTarget "TaxiconnectTests" */ = {
			isa = XCConfigurationList;
			buildConfigurations = (
				00E356F61AD99517003FC87E /* Debug */,
				00E356F71AD99517003FC87E /* Release */,
			);
			defaultConfigurationIsVisible = 0;
			defaultConfigurationName = Release;
		};
		13B07F931A680F5B00A75B9A /* Build configuration list for PBXNativeTarget "Taxiconnect" */ = {
			isa = XCConfigurationList;
			buildConfigurations = (
				13B07F941A680F5B00A75B9A /* Debug */,
				13B07F951A680F5B00A75B9A /* Release */,
			);
			defaultConfigurationIsVisible = 0;
			defaultConfigurationName = Release;
		};
		2D02E4BA1E0B4A5E006451C7 /* Build configuration list for PBXNativeTarget "Taxiconnect-tvOS" */ = {
			isa = XCConfigurationList;
			buildConfigurations = (
				2D02E4971E0B4A5E006451C7 /* Debug */,
				2D02E4981E0B4A5E006451C7 /* Release */,
			);
			defaultConfigurationIsVisible = 0;
			defaultConfigurationName = Release;
		};
		2D02E4BB1E0B4A5E006451C7 /* Build configuration list for PBXNativeTarget "Taxiconnect-tvOSTests" */ = {
			isa = XCConfigurationList;
			buildConfigurations = (
				2D02E4991E0B4A5E006451C7 /* Debug */,
				2D02E49A1E0B4A5E006451C7 /* Release */,
			);
			defaultConfigurationIsVisible = 0;
			defaultConfigurationName = Release;
		};
		83CBB9FA1A601CBA00E9B192 /* Build configuration list for PBXProject "Taxiconnect" */ = {
			isa = XCConfigurationList;
			buildConfigurations = (
				83CBBA201A601CBA00E9B192 /* Debug */,
				83CBBA211A601CBA00E9B192 /* Release */,
			);
			defaultConfigurationIsVisible = 0;
			defaultConfigurationName = Release;
		};
/* End XCConfigurationList section */
	};
	rootObject = 83CBB9F71A601CBA00E9B192 /* Project object */;
}
